
Microsoft Visual Studio Solution File, Format Version 12.00
# Visual Studio Version 16
VisualStudioVersion = 16.0.31112.23
MinimumVisualStudioVersion = 10.0.40219.1
Project("{FAE04EC0-301F-11D3-BF4B-00C04F79EFBC}") = "Rename", "Rename.csproj", "{EF40A958-ECA6-42AF-B77D-85CE09C125AD}"
EndProject
Global
	GlobalSection(SolutionConfigurationPlatforms) = preSolution
		Debug|Any CPU = Debug|Any CPU
		Release|Any CPU = Release|Any CPU
	EndGlobalSection
	GlobalSection(ProjectConfigurationPlatforms) = postSolution
		{EF40A958-ECA6-42AF-B77D-85CE09C125AD}.Debug|Any CPU.ActiveCfg = Debug|Any CPU
		{EF40A958-ECA6-42AF-B77D-85CE09C125AD}.Debug|Any CPU.Build.0 = Debug|Any CPU
		{EF40A958-ECA6-42AF-B77D-85CE09C125AD}.Release|Any CPU.ActiveCfg = Release|Any CPU
		{EF40A958-ECA6-42AF-B77D-85CE09C125AD}.Release|Any CPU.Build.0 = Release|Any CPU
	EndGlobalSection
	GlobalSection(SolutionProperties) = preSolution
		HideSolutionNode = FALSE
	EndGlobalSection
	GlobalSection(ExtensibilityGlobals) = postSolution
		SolutionGuid = {EA5AC718-A07F-43E5-8E09-7641ABAFBE77}
	EndGlobalSection
EndGlobal
